{
    "_meta": {
        "hash": {
            "sha256": "0a66645bac204ba12c9f2f1a5f108b0482bedb47d986fbaa48765247bece283c"
        },
        "pipfile-spec": 6,
        "requires": {
            "python_version": "3.6"
        },
        "sources": [
            {
                "name": "pypi",
                "url": "https://pypi.org/simple",
                "verify_ssl": true
            }
        ]
    },
    "default": {
        "llvmlite": {
            "hashes": [
                "sha256:0358ffed8754b706584adb7c2f8669160e631192bbd379753c39439a5fb7fc36",
                "sha256:0c48be698f4303d8ff7966e41270cd392c2ef1e681ef69fb3f3fb03750285704",
                "sha256:1dc531d45a5e3938d8b7cccf48379a392b6c5353fa26e3f994805ede83e00d87",
                "sha256:23d31542ec7b442439e4df428fa0c12d12bec3e8ac5b3bad49f54b0d6f344c25",
                "sha256:27fb7f2335bc9f32be68f3f2b77ebb62f40764234df02e9a4fe0e725cf3ef3b1",
                "sha256:31000d019db84976a3cd9649102ef2b4713c3c65c2f83fb7e981b196f62761e8",
                "sha256:320de4c4a1c105b91629305be069d217f3a9d7fbe32cb22bcfb016361895fc07",
                "sha256:375579c3af61cface2e3ffa4ee30daed67e290efad5d8beeff3c717413382f50",
                "sha256:39264af5113cf55f6fb4981dfd672a99a599d59ed38b682a95e4e8be1f256f25",
                "sha256:3e6ba641abb4af80bb5d4a072a3510dc953218ecb5218eae9c994996c5f9c6e8",
                "sha256:59372eb3b710e3c05936e42b8bb1d0ef3481da26e097d0a6c6a049733f3c8a99",
                "sha256:7da3e0c5d09aad2ccec32e256b37ea2d5ce557a9b98c4ec00ad80f1770db7659",
                "sha256:809de4c7b46036c4da4c859b41b8986955d1a81d382efbfd6058a140165df4eb",
                "sha256:8817e023b86d840550669e35213917431ee8f16066a82ce59ad9c7f116375127",
                "sha256:951acf91f4f263cf528b6c438ac2d9d127b171dea01cc2973866b8b61426fa2e",
                "sha256:95fe4be10bf2a95622cbd98d80b92e3fc2e2504ea877dca83e54594c2b33a0ab",
                "sha256:acf2c6f7728ce67002da91f8b56580b21799d235aef6643724ec22a9cb3d03f8",
                "sha256:c7f74d94349ba852704a3eba695e0086c000ae7e713fb81065eb555471d4b67c",
                "sha256:d277d24e881d557b7b720abd76cbfec10787e447653069ac9202ff1ecf68c9bb",
                "sha256:d5f24ae1210575d832fabab04b198d11a1cff45781f5fd87301216551f43ce01",
                "sha256:ea1f94a13f6e9e6c3c6adb2edfd1158d47e85b938632e23808c9f8d35b962c8c"
            ],
            "version": "==0.24.0"
        },
        "numba": {
            "hashes": [
                "sha256:07749d1ddac8c4c0ce8b22bf3dec52ef2fd4922174c71447126807f5f8dc2bae",
                "sha256:3a035de250a1b1f4c9332092a3caabb0f9fd527e027483e6d02edc4a160fc174",
                "sha256:3daae0b609b18b305fa8952b1a5137ecbf1946136d960749da91280b2dc934a2",
                "sha256:44b2d2430f4f022bbf61cf4e3cd8319aa01b9bc253ce2671c84237e0c8c1b386",
                "sha256:4aebb89e4c7438cd897b2014d47a4eb09cca6606e8de0f82178a80b0f76bcacd",
                "sha256:5050223d1539af9ea9ed89b71b3eebdf01e0549b101328a7d5450314a9410d5f",
                "sha256:52dc8aa38ec07dd84df3239a2655d807c764313b3ac003ea409d176254a2b278",
                "sha256:628d26df7e39e2dc924b3aceb41d023a7d0b9772afdbce1e42ef18e3b6acbfcf",
                "sha256:71723a5bdcffe6a570c019d75234ca68d47d4f2e56ee1654fb30a7e5342e80aa",
                "sha256:765a818a38812405c3af096e78078a0b246ff26c01a8b8ed1b7b7de3d28bbf12",
                "sha256:7f5bfab40dff26bd23fc5d4e482840bcf64c50126013a03fbdcdc13fc1d13d48",
                "sha256:8ad7d73e1410266c17c4c201401799dc759bcc7c858c9922aa1938667b4ff322",
                "sha256:91b124506439aaa57fd1313c1f1506cd439b300e066af9696ede716a8803cf49",
                "sha256:a243416844c942f62b7760d4d3b8450e7dc6d11f144b77e8030695c0ee27c3eb",
                "sha256:ac61d95a76904741f6024c2860d4b793e2cfd456947fa21c455398f2aad6245c",
                "sha256:afd26fffd0b310509d2d24def3ff7460bd1c5100ccc49d7ec051a75e34f07329",
                "sha256:b26017ada41fba940df380eabfe088c232d10d57ce9eb905555df931907e36f0",
                "sha256:be49190c02226a3a5253f10d9e22af5f0b7272895852ef3a7fdb5e84601a1df1",
                "sha256:c379f1a379883ba5a4cc76b751b367e9a3770fc08d366a540ba2520cd56e3350",
                "sha256:f2464d358a30c0b00a93523a728a3f6aafe6dc8e85cad35814a1f11f8d163d2f",
                "sha256:fbdab1f7085485727ffa9dbcf5e968e025474bde730542464e8e51152dd0fe8b"
            ],
            "index": "pypi",
            "version": "==0.39.0"
        },
        "numpy": {
            "hashes": [
                "sha256:0014321634f10f96f135b25183eaaa7fe595067534374f8ba80b9099ca90d74e",
                "sha256:04847c434f6a9dce1785f4f6adf6d15d057677ec86ad7139e089f505040fc02f",
                "sha256:0a1d8a25093527532109405482522e61eaa77d5618897a5783beeb0f04d27de8",
                "sha256:1a10572879d88786303e6ba12a9045b44a08d796b81a4fed3eaaaffa055c3730",
                "sha256:28cb017a0502e46d27a1f4af25c199e4609e3193c1f39b24b4a677d7a737f477",
                "sha256:2d2a599d500e1654a8b1ee6e2ff255a8b6a2aff432bed1507a43f0adce2d0793",
                "sha256:316122b90b48dc7cd93232b8d0e6b82d73ef34e18f96d9c4d49f7be3f2b86759",
                "sha256:3f9fa0257a0aab9ec18a205b3d5a10bf6c727913065d62fa61344604729559f4",
                "sha256:4f20759b5244e80a063aa2224d8fe7a14802572d6a96ebd95a13ba72b6d3d5cc",
                "sha256:5227554a410cf6dbefb76f63b53381a4761cf8c9e9ca2f0e3bab6a27110ef9c6",
                "sha256:558e102282d330234cfcc1b68e163e9ceb5baac26585a5506fd12c8ae406e0d2",
                "sha256:5e4f9a3ea77cfeae16e1227ddd887c33b24dcc38e90add9630d71bd3ad96c13a",
                "sha256:67005ca9a63c65d7bef2c9200bc15165dee30b7c977fe1d8eef1c78f3270d3e5",
                "sha256:714b87ffc1cb76eb658898f0105cfec673615458b472f0c838a69d1de28ddaaf",
                "sha256:79049cfc7222de51bd8f58eddcd99196851a0401d91a82df293c6e9451b44b3e",
                "sha256:7db1973b8dd352a923c875c522c3f414c3e286fd12278e806ad635430cf7e906",
                "sha256:8a858dc23e49ae8cc4f8a9ee4806e2a271c4fb897c88ffcc1e72407e6331ec43",
                "sha256:8c02ccade177d82a366dba221eb6fcc85f63c3147817526883084c8b50aba471",
                "sha256:8c962a352744e1f1df47665d12c24b59a8f30d6c1c492b6a1fb0a4be5a1a383c",
                "sha256:8d1f49ea7f50aeddbe5bead5af75aba20e15237908aedc6f35e3cd8548372783",
                "sha256:8ddb2abf160e25b1c0a0dd648c686332c33d52df88eb7ed1df248eb25ffd2191",
                "sha256:9886b43c330e122855b8b6573db8444dd0fe5a4b407f156f08305b7b441a564d",
                "sha256:b12e5339885f291ff42c308aa1e0dd643899e2df73fa96b41121e2a921a0ac08",
                "sha256:bc2073c9a97821b8bbf8cc58a3480aaf5897ee3c812427410aa03bd0615ed24e",
                "sha256:c3a0fee0fa2228288cfd0f5dc63f529dac46791fa8f489d3ad2ef99a3e2f37bd",
                "sha256:c8d1495be39a8f04ebf0dd6ef9a0c6818d68f572da884b9b8e860cff99066701",
                "sha256:e2c57051f9126291b82043aefd01aa3f3523a7db27f20f6e0959e02983ee601f",
                "sha256:e402d58467cec78c6fd7f60bacf7105bf31e2b863e4982bdf6b3c8f9d6ca9b23"
            ],
            "index": "pypi",
            "version": "==1.15.0rc2"
        },
        "py4j": {
            "hashes": [
                "sha256:721189616b3a7d28212dfb2e7c6a1dd5147b03105f1fc37ff2432acd0e863fa5",
                "sha256:a950fe7de1bfd247a0a4dddb9118f332d22a89e01e0699135ea8038c15ee1293"
            ],
            "version": "==0.10.7"
        },
        "pyspark": {
            "hashes": [
                "sha256:52d77a7ef43088b0235742cfcafc83435d0d98c5fdded1d8c600f1887e9e0213"
            ],
            "index": "pypi",
            "version": "==2.3.1"
        },
        "scipy": {
            "hashes": [
                "sha256:0611ee97296265af4a21164a5323f8c1b4e8e15c582d3dfa7610825900136bb7",
                "sha256:08237eda23fd8e4e54838258b124f1cd141379a5f281b0a234ca99b38918c07a",
                "sha256:0e645dbfc03f279e1946cf07c9c754c2a1859cb4a41c5f70b25f6b3a586b6dbd",
                "sha256:0e9bb7efe5f051ea7212555b290e784b82f21ffd0f655405ac4f87e288b730b3",
                "sha256:108c16640849e5827e7d51023efb3bd79244098c3f21e4897a1007720cb7ce37",
                "sha256:340ef70f5b0f4e2b4b43c8c8061165911bc6b2ad16f8de85d9774545e2c47463",
                "sha256:3ad73dfc6f82e494195144bd3a129c7241e761179b7cb5c07b9a0ede99c686f3",
                "sha256:3b243c77a822cd034dad53058d7c2abf80062aa6f4a32e9799c95d6391558631",
                "sha256:404a00314e85eca9d46b80929571b938e97a143b4f2ddc2b2b3c91a4c4ead9c5",
                "sha256:423b3ff76957d29d1cce1bc0d62ebaf9a3fdfaf62344e3fdec14619bb7b5ad3a",
                "sha256:42d9149a2fff7affdd352d157fa5717033767857c11bd55aa4a519a44343dfef",
                "sha256:625f25a6b7d795e8830cb70439453c9f163e6870e710ec99eba5722775b318f3",
                "sha256:698c6409da58686f2df3d6f815491fd5b4c2de6817a45379517c92366eea208f",
                "sha256:729f8f8363d32cebcb946de278324ab43d28096f36593be6281ca1ee86ce6559",
                "sha256:8190770146a4c8ed5d330d5b5ad1c76251c63349d25c96b3094875b930c44692",
                "sha256:878352408424dffaa695ffedf2f9f92844e116686923ed9aa8626fc30d32cfd1",
                "sha256:8b984f0821577d889f3c7ca8445564175fb4ac7c7f9659b7c60bef95b2b70e76",
                "sha256:8f841bbc21d3dad2111a94c490fb0a591b8612ffea86b8e5571746ae76a3deac",
                "sha256:c22b27371b3866c92796e5d7907e914f0e58a36d3222c5d436ddd3f0e354227a",
                "sha256:d0cdd5658b49a722783b8b4f61a6f1f9c75042d0e29a30ccb6cacc9b25f6d9e2",
                "sha256:d40dc7f494b06dcee0d303e51a00451b2da6119acbeaccf8369f2d29e28917ac",
                "sha256:d8491d4784aceb1f100ddb8e31239c54e4afab8d607928a9f7ef2469ec35ae01",
                "sha256:dfc5080c38dde3f43d8fbb9c0539a7839683475226cf83e4b24363b227dfe552",
                "sha256:e24e22c8d98d3c704bb3410bce9b69e122a8de487ad3dbfe9985d154e5c03a40",
                "sha256:e7a01e53163818d56eabddcafdc2090e9daba178aad05516b20c6591c4811020",
                "sha256:ee677635393414930541a096fc8e61634304bb0153e4e02b75685b11eba14cae",
                "sha256:f0521af1b722265d824d6ad055acfe9bd3341765735c44b5a4d0069e189a0f40",
                "sha256:f25c281f12c0da726c6ed00535ca5d1622ec755c30a3f8eafef26cf43fede694"
            ],
            "index": "pypi",
            "version": "==1.1.0"
        }
    },
    "develop": {}
}
